
Microsoft Visual Studio Solution File, Format Version 12.00
# Visual Studio Version 17
VisualStudioVersion = 17.1.32407.343
MinimumVisualStudioVersion = 10.0.40219.1
Project("{FAE04EC0-301F-11D3-BF4B-00C04F79EFBC}") = "West.EnterpriseUX.Automation.UWP", "West.EnterpriseUX.Automation.UWP\West.EnterpriseUX.Automation.UWP.csproj", "{C31C0783-0E22-410B-9961-B05089555168}"
EndProject
Project("{FAE04EC0-301F-11D3-BF4B-00C04F79EFBC}") = "West.EnterpriseUX.Automation.Mobile", "West.EnterpriseUX.Automation.Mobile\West.EnterpriseUX.Automation.Mobile.csproj", "{BD72272E-2D2F-4BA4-A0D6-74294F28BDBE}"
EndProject
Project("{9A19103F-16F7-4668-BE54-9A1E7A4F7556}") = "West.EnterpriseUX.Automation.MobileNew", "West.EnterpriseUX.Automation.MobileNew\West.EnterpriseUX.Automation.MobileNew.csproj", "{6AD629AA-37BD-4A3E-8576-7451B36A63F1}"
EndProject
Global
	GlobalSection(SolutionConfigurationPlatforms) = preSolution
		Debug|Any CPU = Debug|Any CPU
		Debug|ARM = Debug|ARM
		Debug|ARM64 = Debug|ARM64
		Debug|x64 = Debug|x64
		Debug|x86 = Debug|x86
		Release|Any CPU = Release|Any CPU
		Release|ARM = Release|ARM
		Release|ARM64 = Release|ARM64
		Release|x64 = Release|x64
		Release|x86 = Release|x86
	EndGlobalSection
	GlobalSection(ProjectConfigurationPlatforms) = postSolution
		{C31C0783-0E22-410B-9961-B05089555168}.Debug|Any CPU.ActiveCfg = Debug|Any CPU
		{C31C0783-0E22-410B-9961-B05089555168}.Debug|Any CPU.Build.0 = Debug|Any CPU
		{C31C0783-0E22-410B-9961-B05089555168}.Debug|ARM.ActiveCfg = Debug|Any CPU
		{C31C0783-0E22-410B-9961-B05089555168}.Debug|ARM.Build.0 = Debug|Any CPU
		{C31C0783-0E22-410B-9961-B05089555168}.Debug|ARM64.ActiveCfg = Debug|Any CPU
		{C31C0783-0E22-410B-9961-B05089555168}.Debug|ARM64.Build.0 = Debug|Any CPU
		{C31C0783-0E22-410B-9961-B05089555168}.Debug|x64.ActiveCfg = Debug|Any CPU
		{C31C0783-0E22-410B-9961-B05089555168}.Debug|x64.Build.0 = Debug|Any CPU
		{C31C0783-0E22-410B-9961-B05089555168}.Debug|x86.ActiveCfg = Debug|Any CPU
		{C31C0783-0E22-410B-9961-B05089555168}.Debug|x86.Build.0 = Debug|Any CPU
		{C31C0783-0E22-410B-9961-B05089555168}.Release|Any CPU.ActiveCfg = Release|Any CPU
		{C31C0783-0E22-410B-9961-B05089555168}.Release|Any CPU.Build.0 = Release|Any CPU
		{C31C0783-0E22-410B-9961-B05089555168}.Release|ARM.ActiveCfg = Release|Any CPU
		{C31C0783-0E22-410B-9961-B05089555168}.Release|ARM.Build.0 = Release|Any CPU
		{C31C0783-0E22-410B-9961-B05089555168}.Release|ARM64.ActiveCfg = Release|Any CPU
		{C31C0783-0E22-410B-9961-B05089555168}.Release|ARM64.Build.0 = Release|Any CPU
		{C31C0783-0E22-410B-9961-B05089555168}.Release|x64.ActiveCfg = Release|Any CPU
		{C31C0783-0E22-410B-9961-B05089555168}.Release|x64.Build.0 = Release|Any CPU
		{C31C0783-0E22-410B-9961-B05089555168}.Release|x86.ActiveCfg = Release|Any CPU
		{C31C0783-0E22-410B-9961-B05089555168}.Release|x86.Build.0 = Release|Any CPU
		{BD72272E-2D2F-4BA4-A0D6-74294F28BDBE}.Debug|Any CPU.ActiveCfg = Debug|Any CPU
		{BD72272E-2D2F-4BA4-A0D6-74294F28BDBE}.Debug|Any CPU.Build.0 = Debug|Any CPU
		{BD72272E-2D2F-4BA4-A0D6-74294F28BDBE}.Debug|ARM.ActiveCfg = Debug|Any CPU
		{BD72272E-2D2F-4BA4-A0D6-74294F28BDBE}.Debug|ARM.Build.0 = Debug|Any CPU
		{BD72272E-2D2F-4BA4-A0D6-74294F28BDBE}.Debug|ARM64.ActiveCfg = Debug|Any CPU
		{BD72272E-2D2F-4BA4-A0D6-74294F28BDBE}.Debug|ARM64.Build.0 = Debug|Any CPU
		{BD72272E-2D2F-4BA4-A0D6-74294F28BDBE}.Debug|x64.ActiveCfg = Debug|Any CPU
		{BD72272E-2D2F-4BA4-A0D6-74294F28BDBE}.Debug|x64.Build.0 = Debug|Any CPU
		{BD72272E-2D2F-4BA4-A0D6-74294F28BDBE}.Debug|x86.ActiveCfg = Debug|Any CPU
		{BD72272E-2D2F-4BA4-A0D6-74294F28BDBE}.Debug|x86.Build.0 = Debug|Any CPU
		{BD72272E-2D2F-4BA4-A0D6-74294F28BDBE}.Release|Any CPU.ActiveCfg = Release|Any CPU
		{BD72272E-2D2F-4BA4-A0D6-74294F28BDBE}.Release|Any CPU.Build.0 = Release|Any CPU
		{BD72272E-2D2F-4BA4-A0D6-74294F28BDBE}.Release|ARM.ActiveCfg = Release|Any CPU
		{BD72272E-2D2F-4BA4-A0D6-74294F28BDBE}.Release|ARM.Build.0 = Release|Any CPU
		{BD72272E-2D2F-4BA4-A0D6-74294F28BDBE}.Release|ARM64.ActiveCfg = Release|Any CPU
		{BD72272E-2D2F-4BA4-A0D6-74294F28BDBE}.Release|ARM64.Build.0 = Release|Any CPU
		{BD72272E-2D2F-4BA4-A0D6-74294F28BDBE}.Release|x64.ActiveCfg = Release|Any CPU
		{BD72272E-2D2F-4BA4-A0D6-74294F28BDBE}.Release|x64.Build.0 = Release|Any CPU
		{BD72272E-2D2F-4BA4-A0D6-74294F28BDBE}.Release|x86.ActiveCfg = Release|Any CPU
		{BD72272E-2D2F-4BA4-A0D6-74294F28BDBE}.Release|x86.Build.0 = Release|Any CPU
		{6AD629AA-37BD-4A3E-8576-7451B36A63F1}.Debug|Any CPU.ActiveCfg = Debug|Any CPU
		{6AD629AA-37BD-4A3E-8576-7451B36A63F1}.Debug|Any CPU.Build.0 = Debug|Any CPU
		{6AD629AA-37BD-4A3E-8576-7451B36A63F1}.Debug|ARM.ActiveCfg = Debug|Any CPU
		{6AD629AA-37BD-4A3E-8576-7451B36A63F1}.Debug|ARM.Build.0 = Debug|Any CPU
		{6AD629AA-37BD-4A3E-8576-7451B36A63F1}.Debug|ARM64.ActiveCfg = Debug|Any CPU
		{6AD629AA-37BD-4A3E-8576-7451B36A63F1}.Debug|ARM64.Build.0 = Debug|Any CPU
		{6AD629AA-37BD-4A3E-8576-7451B36A63F1}.Debug|x64.ActiveCfg = Debug|Any CPU
		{6AD629AA-37BD-4A3E-8576-7451B36A63F1}.Debug|x64.Build.0 = Debug|Any CPU
		{6AD629AA-37BD-4A3E-8576-7451B36A63F1}.Debug|x86.ActiveCfg = Debug|Any CPU
		{6AD629AA-37BD-4A3E-8576-7451B36A63F1}.Debug|x86.Build.0 = Debug|Any CPU
		{6AD629AA-37BD-4A3E-8576-7451B36A63F1}.Release|Any CPU.ActiveCfg = Release|Any CPU
		{6AD629AA-37BD-4A3E-8576-7451B36A63F1}.Release|Any CPU.Build.0 = Release|Any CPU
		{6AD629AA-37BD-4A3E-8576-7451B36A63F1}.Release|ARM.ActiveCfg = Release|Any CPU
		{6AD629AA-37BD-4A3E-8576-7451B36A63F1}.Release|ARM.Build.0 = Release|Any CPU
		{6AD629AA-37BD-4A3E-8576-7451B36A63F1}.Release|ARM64.ActiveCfg = Release|Any CPU
		{6AD629AA-37BD-4A3E-8576-7451B36A63F1}.Release|ARM64.Build.0 = Release|Any CPU
		{6AD629AA-37BD-4A3E-8576-7451B36A63F1}.Release|x64.ActiveCfg = Release|Any CPU
		{6AD629AA-37BD-4A3E-8576-7451B36A63F1}.Release|x64.Build.0 = Release|Any CPU
		{6AD629AA-37BD-4A3E-8576-7451B36A63F1}.Release|x86.ActiveCfg = Release|Any CPU
		{6AD629AA-37BD-4A3E-8576-7451B36A63F1}.Release|x86.Build.0 = Release|Any CPU
	EndGlobalSection
	GlobalSection(SolutionProperties) = preSolution
		HideSolutionNode = FALSE
	EndGlobalSection
	GlobalSection(ExtensibilityGlobals) = postSolution
		SolutionGuid = {A01C879F-EFEA-4B37-8435-5E8BCF4D82F2}
	EndGlobalSection
EndGlobal
